
Microsoft Visual Studio Solution File, Format Version 12.00
# Visual Studio Version 17
VisualStudioVersion = 17.7.34018.315
MinimumVisualStudioVersion = 10.0.40219.1
Project("{8BC9CEB8-8B4A-11D0-8D11-00A0C91BC942}") = "course_job", "course_job.vcxproj", "{9DDBB8B4-017F-4A42-9D2E-90FC11134BFD}"
EndProject
Project("{2150E333-8FDC-42A3-9474-1A3956D46DE8}") = "Элементы решения", "Элементы решения", "{B4363D95-53CC-48D2-8619-8398A179DB60}"
	ProjectSection(SolutionItems) = preProject
		..\course job documents\Оглавление.docx = ..\course job documents\Оглавление.docx
	EndProjectSection
EndProject
Global
	GlobalSection(SolutionConfigurationPlatforms) = preSolution
		Debug|x64 = Debug|x64
		Debug|x86 = Debug|x86
		Release|x64 = Release|x64
		Release|x86 = Release|x86
	EndGlobalSection
	GlobalSection(ProjectConfigurationPlatforms) = postSolution
		{9DDBB8B4-017F-4A42-9D2E-90FC11134BFD}.Debug|x64.ActiveCfg = Debug|x64
		{9DDBB8B4-017F-4A42-9D2E-90FC11134BFD}.Debug|x64.Build.0 = Debug|x64
		{9DDBB8B4-017F-4A42-9D2E-90FC11134BFD}.Debug|x86.ActiveCfg = Debug|Win32
		{9DDBB8B4-017F-4A42-9D2E-90FC11134BFD}.Debug|x86.Build.0 = Debug|Win32
		{9DDBB8B4-017F-4A42-9D2E-90FC11134BFD}.Release|x64.ActiveCfg = Release|x64
		{9DDBB8B4-017F-4A42-9D2E-90FC11134BFD}.Release|x64.Build.0 = Release|x64
		{9DDBB8B4-017F-4A42-9D2E-90FC11134BFD}.Release|x86.ActiveCfg = Release|Win32
		{9DDBB8B4-017F-4A42-9D2E-90FC11134BFD}.Release|x86.Build.0 = Release|Win32
	EndGlobalSection
	GlobalSection(SolutionProperties) = preSolution
		HideSolutionNode = FALSE
	EndGlobalSection
	GlobalSection(ExtensibilityGlobals) = postSolution
		SolutionGuid = {EE9CB5AB-1FC2-4E62-9167-5E1486C1B4A4}
	EndGlobalSection
EndGlobal
